# This file was autogenerated by Stack.
# You should not edit this file by hand.
# For more information, please see the documentation at:
#   https://docs.haskellstack.org/en/stable/lock_files

packages:
- completed:
    hackage: aeson-1.2.1.0@sha256:0d75e98ddd49a00eefcc8f4e7d274a99545eb694d02ac927ffb18fc70726ecb8,6550
    pantry-tree:
      size: 39483
      sha256: b747862dd05b373d87bf187f81eccdd68bacbc14782525cb2450114275d0f9d5
  original:
    hackage: aeson-1.2.1.0
- completed:
    size: 155434
    url: https://github.com/erikd/language-javascript/archive/e65815417ffd464bfb6d5444f7ff1ad4778a9417.tar.gz
    cabal-file:
      size: 3865
      sha256: 9ff1c682ed92d218877d1180d777c850da10bcb62e0c22b5fac32d1f8f53e976
    name: language-javascript
    version: 0.6.0.11
    sha256: 1c6ac4c14ac7fe52f99761c2c27dbbb62d99ed255900ba3291161c73c8e8839f
    pantry-tree:
      size: 3179
      sha256: e10ba08ed5a0f56989bd675de8075394b1bc1cc0a40693efff3c5a142b2f1c23
  original:
    url: https://github.com/erikd/language-javascript/archive/e65815417ffd464bfb6d5444f7ff1ad4778a9417.tar.gz
- completed:
    size: 56176
    url: https://github.com/julian-berbel/language-python/archive/cbdf9b33cc3c30e66c8455165ed1c7d70a300a3e.tar.gz
    cabal-file:
      size: 2418
      sha256: 6798ef2d0951909950dd00c40a6338ef80bc2a51c032ce998984e4f4c8dbda3f
    name: language-python
    version: 0.5.5
    sha256: 3f41a52d49545b34e2a92c34b7721e576bfa09e7e9474dde266e3ac1bca6c950
    pantry-tree:
      size: 2480
      sha256: e99080688a9bbcc5edf5b575388c5dd2a90227b339485e68404342d01e74bf06
  original:
    url: https://github.com/julian-berbel/language-python/archive/cbdf9b33cc3c30e66c8455165ed1c7d70a300a3e.tar.gz
snapshots:
- completed:
    size: 504292
    url: https://raw.githubusercontent.com/commercialhaskell/stackage-snapshots/master/lts/7/24.yaml
    sha256: 06475226ae77d200ef106e999bfb280cb658f1ebb166b56f6f579890aab66942
  original: lts-7.24
