# This file was autogenerated by Stack.
# You should not edit this file by hand.
# For more information, please see the documentation at:
#   https://docs.haskellstack.org/en/stable/topics/lock_files

packages:
- completed:
    hackage: inflections-0.2.0.1@sha256:f486f8caad1a9d1d11d8cbb4275369bffbd80e87d1df0241ddb17ebb01e6e80f,2227
    pantry-tree:
      sha256: 8471af52b2b16017e541ea9084f563913845112e2cef02d22b797343fcf3de9a
      size: 1716
  original:
    hackage: inflections-0.2.0.1
- completed:
    name: language-python
    pantry-tree:
      sha256: 8df4a93a55558bfd11588d66101100407f311811f8ce237ec916476c826608a2
      size: 2432
    sha256: d75d79abbb979c8b54f19ec302776b722564bebaff39649091c30e15d9d89079
    size: 1585790
    subdir: language-python
    url: https://github.com/bjpop/language-python/archive/9fa3c8b258c05d388a0cbb4e69c639bd9fddfdbb.tar.gz
    version: 0.6.0
  original:
    subdir: language-python
    url: https://github.com/bjpop/language-python/archive/9fa3c8b258c05d388a0cbb4e69c639bd9fddfdbb.tar.gz
snapshots:
- completed:
    sha256: 7e724f347d5969cb5e8dde9f9aae30996e3231c29d1dafd45f21f1700d4c4fcb
    size: 684460
    url: https://raw.githubusercontent.com/commercialhaskell/stackage-snapshots/master/lts/23/28.yaml
  original: lts-23.28
