# This file was autogenerated by Stack.
# You should not edit this file by hand.
# For more information, please see the documentation at:
#   https://docs.haskellstack.org/en/stable/lock_files

packages:
- completed:
    size: 162082
    url: https://github.com/mumuki/language-javascript/archive/3640442ea562cc125f219b5c60fbc1b77882fd62.tar.gz
    name: language-javascript
    version: 0.7.1.0
    sha256: 4c9ac2f683f4be52673da8795ae93c0d63d62ac3fe4091e69fb54470f3b774b0
    pantry-tree:
      size: 3229
      sha256: 9e052a863d218f8db4f55161534ca2caef9d03f5213f452b123576219d606f6c
  original:
    url: https://github.com/mumuki/language-javascript/archive/3640442ea562cc125f219b5c60fbc1b77882fd62.tar.gz
- completed:
    size: 56176
    url: https://github.com/julian-berbel/language-python/archive/cbdf9b33cc3c30e66c8455165ed1c7d70a300a3e.tar.gz
    name: language-python
    version: 0.5.5
    sha256: 3f41a52d49545b34e2a92c34b7721e576bfa09e7e9474dde266e3ac1bca6c950
    pantry-tree:
      size: 2480
      sha256: e99080688a9bbcc5edf5b575388c5dd2a90227b339485e68404342d01e74bf06
  original:
    url: https://github.com/julian-berbel/language-python/archive/cbdf9b33cc3c30e66c8455165ed1c7d70a300a3e.tar.gz
snapshots:
- completed:
    size: 504553
    url: https://raw.githubusercontent.com/commercialhaskell/stackage-snapshots/master/lts/12/13.yaml
    sha256: 8bf2a28cdf049f056ec71c0e61a731ba9400c1f01ee15a73d815519d842437f2
  original: lts-12.13
